PODS:
  - Masonry (1.1.0)
  - SJBaseVideoPlayer (3.6.7):
    - Masonry
    - SJBaseVideoPlayer/AVPlayer (= 3.6.7)
    - SJBaseVideoPlayer/Common (= 3.6.7)
    - SJUIKit/AttributesFactory (>= 0.0.0.38)
    - SJUIKit/ObserverHelper
    - SJUIKit/Queues
    - SJUIKit/SQLite3
  - SJBaseVideoPlayer/AVPlayer (3.6.7):
    - Masonry
    - SJBaseVideoPlayer/Common
    - SJUIKit/AttributesFactory (>= 0.0.0.38)
    - SJUIKit/ObserverHelper
    - SJUIKit/Queues
    - SJUIKit/SQLite3
  - SJBaseVideoPlayer/Common (3.6.7):
    - Masonry
    - SJBaseVideoPlayer/ResourceLoader
    - SJUIKit/AttributesFactory (>= 0.0.0.38)
    - SJUIKit/ObserverHelper
    - SJUIKit/Queues
    - SJUIKit/SQLite3
  - SJBaseVideoPlayer/ResourceLoader (3.6.7):
    - Masonry
    - SJUIKit/AttributesFactory (>= 0.0.0.38)
    - SJUIKit/ObserverHelper
    - SJUIKit/Queues
    - SJUIKit/SQLite3
  - SJUIKit/AttributesFactory (0.0.0.58):
    - SJUIKit/AttributesFactory/Deprecated (= 0.0.0.58)
    - SJUIKit/AttributesFactory/UIKitText (= 0.0.0.58)
  - SJUIKit/AttributesFactory/Deprecated (0.0.0.58)
  - SJUIKit/AttributesFactory/UIKitText (0.0.0.58)
  - SJUIKit/ObserverHelper (0.0.0.58)
  - SJUIKit/Queues (0.0.0.58)
  - SJUIKit/SQLite3 (0.0.0.58):
    - SJUIKit/SQLite3/Core (= 0.0.0.58)
    - SJUIKit/SQLite3/Protocol (= 0.0.0.58)
    - YYModel
  - SJUIKit/SQLite3/Core (0.0.0.58):
    - SJUIKit/SQLite3/Protocol
    - YYModel
  - SJUIKit/SQLite3/Protocol (0.0.0.58):
    - YYModel
  - SJVideoPlayer (3.3.3):
    - SJBaseVideoPlayer (>= 3.6.0)
    - SJVideoPlayer/Common (= 3.3.3)
    - SJVideoPlayer/ControlLayers (= 3.3.3)
    - SJVideoPlayer/ResourceLoader (= 3.3.3)
  - SJVideoPlayer/Common (3.3.3):
    - Masonry
    - SJBaseVideoPlayer (>= 3.6.0)
    - SJUIKit/AttributesFactory
    - SJVideoPlayer/ResourceLoader
  - SJVideoPlayer/ControlLayers (3.3.3):
    - SJBaseVideoPlayer (>= 3.6.0)
    - SJVideoPlayer/Common
  - SJVideoPlayer/ResourceLoader (3.3.3):
    - SJBaseVideoPlayer (>= 3.6.0)
  - YYModel (1.0.4)

DEPENDENCIES:
  - Masonry
  - SJUIKit/SQLite3 (from `https://gitee.com/changsanjiang/SJUIKit/raw/master/SJUIKit-YYModel.podspec`)
  - SJVideoPlayer

SPEC REPOS:
  trunk:
    - Masonry
    - SJBaseVideoPlayer
    - SJVideoPlayer
    - YYModel

EXTERNAL SOURCES:
  SJUIKit:
    :podspec: https://gitee.com/changsanjiang/SJUIKit/raw/master/SJUIKit-YYModel.podspec

SPEC CHECKSUMS:
  Masonry: 678fab65091a9290e40e2832a55e7ab731aad201
  SJBaseVideoPlayer: 52ab45c54521c9988cb5a4d9abad444152248800
  SJUIKit: 86d5b16f8b8b17274ef8805acf965e4014629e15
  SJVideoPlayer: bc8aa86a2922dc7416822f88bdb39d6baf4d9bd5
  YYModel: 2a7fdd96aaa4b86a824e26d0c517de8928c04b30

PODFILE CHECKSUM: a4ab861aa40d27154075a627e4fea82d79356127

COCOAPODS: 1.11.2
